
Microsoft Visual Studio Solution File, Format Version 12.00
# Visual Studio Version 16
VisualStudioVersion = 25.0.1704.2
MinimumVisualStudioVersion = 10.0.40219.1
Project("{FAE04EC0-301F-11D3-BF4B-00C04F79EFBC}") = "multidimensional", "multidimensional\multidimensional.csproj", "{76749B5C-E2A4-4159-A150-E7FA6674D312}"
EndProject
Global
	GlobalSection(SolutionConfigurationPlatforms) = preSolution
		Debug|Any CPU = Debug|Any CPU
		Release|Any CPU = Release|Any CPU
	EndGlobalSection
	GlobalSection(ProjectConfigurationPlatforms) = postSolution
		{76749B5C-E2A4-4159-A150-E7FA6674D312}.Debug|Any CPU.ActiveCfg = Debug|Any CPU
		{76749B5C-E2A4-4159-A150-E7FA6674D312}.Debug|Any CPU.Build.0 = Debug|Any CPU
		{76749B5C-E2A4-4159-A150-E7FA6674D312}.Release|Any CPU.ActiveCfg = Release|Any CPU
		{76749B5C-E2A4-4159-A150-E7FA6674D312}.Release|Any CPU.Build.0 = Release|Any CPU
	EndGlobalSection
	GlobalSection(SolutionProperties) = preSolution
		HideSolutionNode = FALSE
	EndGlobalSection
	GlobalSection(ExtensibilityGlobals) = postSolution
		SolutionGuid = {05AEB543-4F01-4723-9B1B-D1ABBF5E1901}
	EndGlobalSection
EndGlobal
